// !$*UTF8*$!
{
	archiveVersion = 1;
	classes = {
	};
	objectVersion = 50;
	objects = {

/* Begin PBXBuildFile section */
		354A5305215EB3CA00B391F9 /* CoreLocation.framework in Frameworks */ = {isa = PBXBuildFile; fileRef = 354A5304215EB3CA00B391F9 /* CoreLocation.framework */; };
		354A5307215EBAE400B391F9 /* NavigatorVC.swift in Sources */ = {isa = PBXBuildFile; fileRef = 354A5306215EBAE400B391F9 /* NavigatorVC.swift */; };
		354AF2DF215BD2CE00D02148 /* AppDelegate.swift in Sources */ = {isa = PBXBuildFile; fileRef = 354AF2DE215BD2CE00D02148 /* AppDelegate.swift */; };
		354AF2E1215BD2CE00D02148 /* HomeVC.swift in Sources */ = {isa = PBXBuildFile; fileRef = 354AF2E0215BD2CE00D02148 /* HomeVC.swift */; };
		354AF2E4215BD2CE00D02148 /* Main.storyboard in Resources */ = {isa = PBXBuildFile; fileRef = 354AF2E2215BD2CE00D02148 /* Main.storyboard */; };
		354AF2E6215BD2CF00D02148 /* Assets.xcassets in Resources */ = {isa = PBXBuildFile; fileRef = 354AF2E5215BD2CF00D02148 /* Assets.xcassets */; };
		354AF2E9215BD2CF00D02148 /* LaunchScreen.storyboard in Resources */ = {isa = PBXBuildFile; fileRef = 354AF2E7215BD2CF00D02148 /* LaunchScreen.storyboard */; };
		354AF2F2215BE33E00D02148 /* BasicMapVC.swift in Sources */ = {isa = PBXBuildFile; fileRef = 354AF2F1215BE33E00D02148 /* BasicMapVC.swift */; };
		354AF2F5215BE5F500D02148 /* uiButton.swift in Sources */ = {isa = PBXBuildFile; fileRef = 354AF2F4215BE5F500D02148 /* uiButton.swift */; };
		354AF2F8215BF94200D02148 /* LocationDataSet.swift in Sources */ = {isa = PBXBuildFile; fileRef = 354AF2F7215BF94200D02148 /* LocationDataSet.swift */; };
		354AF2FA215C0BFE00D02148 /* uiLabel.swift in Sources */ = {isa = PBXBuildFile; fileRef = 354AF2F9215C0BFE00D02148 /* uiLabel.swift */; };
		354AF2FC215C0D7A00D02148 /* uiSlider.swift in Sources */ = {isa = PBXBuildFile; fileRef = 354AF2FB215C0D7A00D02148 /* uiSlider.swift */; };
		3593D0F221614E3800767CBB /* PlacemarksVC.swift in Sources */ = {isa = PBXBuildFile; fileRef = 3593D0F121614E3800767CBB /* PlacemarksVC.swift */; };
/* End PBXBuildFile section */

/* Begin PBXFileReference section */
		354A5304215EB3CA00B391F9 /* CoreLocation.framework */ = {isa = PBXFileReference; lastKnownFileType = wrapper.framework; name = CoreLocation.framework; path = System/Library/Frameworks/CoreLocation.framework; sourceTree = SDKROOT; };
		354A5306215EBAE400B391F9 /* NavigatorVC.swift */ = {isa = PBXFileReference; lastKnownFileType = sourcecode.swift; path = NavigatorVC.swift; sourceTree = "<group>"; };
		354AF2DB215BD2CE00D02148 /* Maps.app */ = {isa = PBXFileReference; explicitFileType = wrapper.application; includeInIndex = 0; path = Maps.app; sourceTree = BUILT_PRODUCTS_DIR; };
		354AF2DE215BD2CE00D02148 /* AppDelegate.swift */ = {isa = PBXFileReference; lastKnownFileType = sourcecode.swift; path = AppDelegate.swift; sourceTree = "<group>"; };
		354AF2E0215BD2CE00D02148 /* HomeVC.swift */ = {isa = PBXFileReference; lastKnownFileType = sourcecode.swift; path = HomeVC.swift; sourceTree = "<group>"; };
		354AF2E3215BD2CE00D02148 /* Base */ = {isa = PBXFileReference; lastKnownFileType = file.storyboard; name = Base; path = Base.lproj/Main.storyboard; sourceTree = "<group>"; };
		354AF2E5215BD2CF00D02148 /* Assets.xcassets */ = {isa = PBXFileReference; lastKnownFileType = folder.assetcatalog; path = Assets.xcassets; sourceTree = "<group>"; };
		354AF2E8215BD2CF00D02148 /* Base */ = {isa = PBXFileReference; lastKnownFileType = file.storyboard; name = Base; path = Base.lproj/LaunchScreen.storyboard; sourceTree = "<group>"; };
		354AF2EA215BD2CF00D02148 /* Info.plist */ = {isa = PBXFileReference; lastKnownFileType = text.plist.xml; path = Info.plist; sourceTree = "<group>"; };
		354AF2F1215BE33E00D02148 /* BasicMapVC.swift */ = {isa = PBXFileReference; lastKnownFileType = sourcecode.swift; path = BasicMapVC.swift; sourceTree = "<group>"; };
		354AF2F4215BE5F500D02148 /* uiButton.swift */ = {isa = PBXFileReference; lastKnownFileType = sourcecode.swift; path = uiButton.swift; sourceTree = "<group>"; };
		354AF2F7215BF94200D02148 /* LocationDataSet.swift */ = {isa = PBXFileReference; lastKnownFileType = sourcecode.swift; path = LocationDataSet.swift; sourceTree = "<group>"; };
		354AF2F9215C0BFE00D02148 /* uiLabel.swift */ = {isa = PBXFileReference; lastKnownFileType = sourcecode.swift; path = uiLabel.swift; sourceTree = "<group>"; };
		354AF2FB215C0D7A00D02148 /* uiSlider.swift */ = {isa = PBXFileReference; lastKnownFileType = sourcecode.swift; path = uiSlider.swift; sourceTree = "<group>"; };
		3593D0F121614E3800767CBB /* PlacemarksVC.swift */ = {isa = PBXFileReference; lastKnownFileType = sourcecode.swift; path = PlacemarksVC.swift; sourceTree = "<group>"; };
/* End PBXFileReference section */

/* Begin PBXFrameworksBuildPhase section */
		354AF2D8215BD2CE00D02148 /* Frameworks */ = {
			isa = PBXFrameworksBuildPhase;
			buildActionMask = 2147483647;
			files = (
				354A5305215EB3CA00B391F9 /* CoreLocation.framework in Frameworks */,
			);
			runOnlyForDeploymentPostprocessing = 0;
		};
/* End PBXFrameworksBuildPhase section */

/* Begin PBXGroup section */
		354A5303215EB3C900B391F9 /* Frameworks */ = {
			isa = PBXGroup;
			children = (
				354A5304215EB3CA00B391F9 /* CoreLocation.framework */,
			);
			name = Frameworks;
			sourceTree = "<group>";
		};
		354AF2D2215BD2CE00D02148 = {
			isa = PBXGroup;
			children = (
				354AF2DD215BD2CE00D02148 /* Maps */,
				354AF2DC215BD2CE00D02148 /* Products */,
				354A5303215EB3C900B391F9 /* Frameworks */,
			);
			sourceTree = "<group>";
		};
		354AF2DC215BD2CE00D02148 /* Products */ = {
			isa = PBXGroup;
			children = (
				354AF2DB215BD2CE00D02148 /* Maps.app */,
			);
			name = Products;
			sourceTree = "<group>";
		};
		354AF2DD215BD2CE00D02148 /* Maps */ = {
			isa = PBXGroup;
			children = (
				354AF2F6215BE80100D02148 /* Model */,
				354AF2F3215BE5CE00D02148 /* View */,
				354AF2F0215BD2E400D02148 /* Controller */,
				354AF2DE215BD2CE00D02148 /* AppDelegate.swift */,
				354AF2E2215BD2CE00D02148 /* Main.storyboard */,
				354AF2E5215BD2CF00D02148 /* Assets.xcassets */,
				354AF2E7215BD2CF00D02148 /* LaunchScreen.storyboard */,
				354AF2EA215BD2CF00D02148 /* Info.plist */,
			);
			path = Maps;
			sourceTree = "<group>";
		};
		354AF2F0215BD2E400D02148 /* Controller */ = {
			isa = PBXGroup;
			children = (
				354AF2E0215BD2CE00D02148 /* HomeVC.swift */,
				354AF2F1215BE33E00D02148 /* BasicMapVC.swift */,
				354A5306215EBAE400B391F9 /* NavigatorVC.swift */,
				3593D0F121614E3800767CBB /* PlacemarksVC.swift */,
			);
			path = Controller;
			sourceTree = "<group>";
		};
		354AF2F3215BE5CE00D02148 /* View */ = {
			isa = PBXGroup;
			children = (
				354AF2F4215BE5F500D02148 /* uiButton.swift */,
				354AF2F9215C0BFE00D02148 /* uiLabel.swift */,
				354AF2FB215C0D7A00D02148 /* uiSlider.swift */,
			);
			path = View;
			sourceTree = "<group>";
		};
		354AF2F6215BE80100D02148 /* Model */ = {
			isa = PBXGroup;
			children = (
				354AF2F7215BF94200D02148 /* LocationDataSet.swift */,
			);
			path = Model;
			sourceTree = "<group>";
		};
/* End PBXGroup section */

/* Begin PBXNativeTarget section */
		354AF2DA215BD2CE00D02148 /* Maps */ = {
			isa = PBXNativeTarget;
			buildConfigurationList = 354AF2ED215BD2CF00D02148 /* Build configuration list for PBXNativeTarget "Maps" */;
			buildPhases = (
				354AF2D7215BD2CE00D02148 /* Sources */,
				354AF2D8215BD2CE00D02148 /* Frameworks */,
				354AF2D9215BD2CE00D02148 /* Resources */,
			);
			buildRules = (
			);
			dependencies = (
			);
			name = Maps;
			productName = Maps;
			productReference = 354AF2DB215BD2CE00D02148 /* Maps.app */;
			productType = "com.apple.product-type.application";
		};
/* End PBXNativeTarget section */

/* Begin PBXProject section */
		354AF2D3215BD2CE00D02148 /* Project object */ = {
			isa = PBXProject;
			attributes = {
				LastSwiftUpdateCheck = 1000;
				LastUpgradeCheck = 1000;
				ORGANIZATIONNAME = TeamK;
				TargetAttributes = {
					354AF2DA215BD2CE00D02148 = {
						CreatedOnToolsVersion = 10.0;
					};
				};
			};
			buildConfigurationList = 354AF2D6215BD2CE00D02148 /* Build configuration list for PBXProject "Maps" */;
			compatibilityVersion = "Xcode 9.3";
			developmentRegion = en;
			hasScannedForEncodings = 0;
			knownRegions = (
				en,
				Base,
			);
			mainGroup = 354AF2D2215BD2CE00D02148;
			productRefGroup = 354AF2DC215BD2CE00D02148 /* Products */;
			projectDirPath = "";
			projectRoot = "";
			targets = (
				354AF2DA215BD2CE00D02148 /* Maps */,
			);
		};
/* End PBXProject section */

/* Begin PBXResourcesBuildPhase section */
		354AF2D9215BD2CE00D02148 /* Resources */ = {
			isa = PBXResourcesBuildPhase;
			buildActionMask = 2147483647;
			files = (
				354AF2E9215BD2CF00D02148 /* LaunchScreen.storyboard in Resources */,
				354AF2E6215BD2CF00D02148 /* Assets.xcassets in Resources */,
				354AF2E4215BD2CE00D02148 /* Main.storyboard in Resources */,
			);
			runOnlyForDeploymentPostprocessing = 0;
		};
/* End PBXResourcesBuildPhase section */

/* Begin PBXSourcesBuildPhase section */
		354AF2D7215BD2CE00D02148 /* Sources */ = {
			isa = PBXSourcesBuildPhase;
			buildActionMask = 2147483647;
			files = (
				354A5307215EBAE400B391F9 /* NavigatorVC.swift in Sources */,
				354AF2FA215C0BFE00D02148 /* uiLabel.swift in Sources */,
				3593D0F221614E3800767CBB /* PlacemarksVC.swift in Sources */,
				354AF2F2215BE33E00D02148 /* BasicMapVC.swift in Sources */,
				354AF2FC215C0D7A00D02148 /* uiSlider.swift in Sources */,
				354AF2E1215BD2CE00D02148 /* HomeVC.swift in Sources */,
				354AF2DF215BD2CE00D02148 /* AppDelegate.swift in Sources */,
				354AF2F8215BF94200D02148 /* LocationDataSet.swift in Sources */,
				354AF2F5215BE5F500D02148 /* uiButton.swift in Sources */,
			);
			runOnlyForDeploymentPostprocessing = 0;
		};
/* End PBXSourcesBuildPhase section */

/* Begin PBXVariantGroup section */
		354AF2E2215BD2CE00D02148 /* Main.storyboard */ = {
			isa = PBXVariantGroup;
			children = (
				354AF2E3215BD2CE00D02148 /* Base */,
			);
			name = Main.storyboard;
			sourceTree = "<group>";
		};
		354AF2E7215BD2CF00D02148 /* LaunchScreen.storyboard */ = {
			isa = PBXVariantGroup;
			children = (
				354AF2E8215BD2CF00D02148 /* Base */,
			);
			name = LaunchScreen.storyboard;
			sourceTree = "<group>";
		};
/* End PBXVariantGroup section */

/* Begin XCBuildConfiguration section */
		354AF2EB215BD2CF00D02148 /* Debug */ = {
			isa = XCBuildConfiguration;
			buildSettings = {
				ALWAYS_SEARCH_USER_PATHS = NO;
				CLANG_ANALYZER_NONNULL = YES;
				CLANG_ANALYZER_NUMBER_OBJECT_CONVERSION = YES_AGGRESSIVE;
				CLANG_CXX_LANGUAGE_STANDARD = "gnu++14";
				CLANG_CXX_LIBRARY = "libc++";
				CLANG_ENABLE_MODULES = YES;
				CLANG_ENABLE_OBJC_ARC = YES;
				CLANG_ENABLE_OBJC_WEAK = YES;
				CLANG_WARN_BLOCK_CAPTURE_AUTORELEASING = YES;
				CLANG_WARN_BOOL_CONVERSION = YES;
				CLANG_WARN_COMMA = YES;
				CLANG_WARN_CONSTANT_CONVERSION = YES;
				CLANG_WARN_DEPRECATED_OBJC_IMPLEMENTATIONS = YES;
				CLANG_WARN_DIRECT_OBJC_ISA_USAGE = YES_ERROR;
				CLANG_WARN_DOCUMENTATION_COMMENTS = YES;
				CLANG_WARN_EMPTY_BODY = YES;
				CLANG_WARN_ENUM_CONVERSION = YES;
				CLANG_WARN_INFINITE_RECURSION = YES;
				CLANG_WARN_INT_CONVERSION = YES;
				CLANG_WARN_NON_LITERAL_NULL_CONVERSION = YES;
				CLANG_WARN_OBJC_IMPLICIT_RETAIN_SELF = YES;
				CLANG_WARN_OBJC_LITERAL_CONVERSION = YES;
				CLANG_WARN_OBJC_ROOT_CLASS = YES_ERROR;
				CLANG_WARN_RANGE_LOOP_ANALYSIS = YES;
				CLANG_WARN_STRICT_PROTOTYPES = YES;
				CLANG_WARN_SUSPICIOUS_MOVE = YES;
				CLANG_WARN_UNGUARDED_AVAILABILITY = YES_AGGRESSIVE;
				CLANG_WARN_UNREACHABLE_CODE = YES;
				CLANG_WARN__DUPLICATE_METHOD_MATCH = YES;
				CODE_SIGN_IDENTITY = "iPhone Developer";
				COPY_PHASE_STRIP = NO;
				DEBUG_INFORMATION_FORMAT = dwarf;
				ENABLE_STRICT_OBJC_MSGSEND = YES;
				ENABLE_TESTABILITY = YES;
				GCC_C_LANGUAGE_STANDARD = gnu11;
				GCC_DYNAMIC_NO_PIC = NO;
				GCC_NO_COMMON_BLOCKS = YES;
				GCC_OPTIMIZATION_LEVEL = 0;
				GCC_PREPROCESSOR_DEFINITIONS = (
					"DEBUG=1",
					"$(inherited)",
				);
				GCC_WARN_64_TO_32_BIT_CONVERSION = YES;
				GCC_WARN_ABOUT_RETURN_TYPE = YES_ERROR;
				GCC_WARN_UNDECLARED_SELECTOR = YES;
				GCC_WARN_UNINITIALIZED_AUTOS = YES_AGGRESSIVE;
				GCC_WARN_UNUSED_FUNCTION = YES;
				GCC_WARN_UNUSED_VARIABLE = YES;
				IPHONEOS_DEPLOYMENT_TARGET = 12.0;
				MTL_ENABLE_DEBUG_INFO = INCLUDE_SOURCE;
				MTL_FAST_MATH = YES;
				ONLY_ACTIVE_ARCH = YES;
				SDKROOT = iphoneos;
				SWIFT_ACTIVE_COMPILATION_CONDITIONS = DEBUG;
				SWIFT_OPTIMIZATION_LEVEL = "-Onone";
			};
			name = Debug;
		};
		354AF2EC215BD2CF00D02148 /* Release */ = {
			isa = XCBuildConfiguration;
			buildSettings = {
				ALWAYS_SEARCH_USER_PATHS = NO;
				CLANG_ANALYZER_NONNULL = YES;
				CLANG_ANALYZER_NUMBER_OBJECT_CONVERSION = YES_AGGRESSIVE;
				CLANG_CXX_LANGUAGE_STANDARD = "gnu++14";
				CLANG_CXX_LIBRARY = "libc++";
				CLANG_ENABLE_MODULES = YES;
				CLANG_ENABLE_OBJC_ARC = YES;
				CLANG_ENABLE_OBJC_WEAK = YES;
				CLANG_WARN_BLOCK_CAPTURE_AUTORELEASING = YES;
				CLANG_WARN_BOOL_CONVERSION = YES;
				CLANG_WARN_COMMA = YES;
				CLANG_WARN_CONSTANT_CONVERSION = YES;
				CLANG_WARN_DEPRECATED_OBJC_IMPLEMENTATIONS = YES;
				CLANG_WARN_DIRECT_OBJC_ISA_USAGE = YES_ERROR;
				CLANG_WARN_DOCUMENTATION_COMMENTS = YES;
				CLANG_WARN_EMPTY_BODY = YES;
				CLANG_WARN_ENUM_CONVERSION = YES;
				CLANG_WARN_INFINITE_RECURSION = YES;
				CLANG_WARN_INT_CONVERSION = YES;
				CLANG_WARN_NON_LITERAL_NULL_CONVERSION = YES;
				CLANG_WARN_OBJC_IMPLICIT_RETAIN_SELF = YES;
				CLANG_WARN_OBJC_LITERAL_CONVERSION = YES;
				CLANG_WARN_OBJC_ROOT_CLASS = YES_ERROR;
				CLANG_WARN_RANGE_LOOP_ANALYSIS = YES;
				CLANG_WARN_STRICT_PROTOTYPES = YES;
				CLANG_WARN_SUSPICIOUS_MOVE = YES;
				CLANG_WARN_UNGUARDED_AVAILABILITY = YES_AGGRESSIVE;
				CLANG_WARN_UNREACHABLE_CODE = YES;
				CLANG_WARN__DUPLICATE_METHOD_MATCH = YES;
				CODE_SIGN_IDENTITY = "iPhone Developer";
				COPY_PHASE_STRIP = NO;
				DEBUG_INFORMATION_FORMAT = "dwarf-with-dsym";
				ENABLE_NS_ASSERTIONS = NO;
				ENABLE_STRICT_OBJC_MSGSEND = YES;
				GCC_C_LANGUAGE_STANDARD = gnu11;
				GCC_NO_COMMON_BLOCKS = YES;
				GCC_WARN_64_TO_32_BIT_CONVERSION = YES;
				GCC_WARN_ABOUT_RETURN_TYPE = YES_ERROR;
				GCC_WARN_UNDECLARED_SELECTOR = YES;
				GCC_WARN_UNINITIALIZED_AUTOS = YES_AGGRESSIVE;
				GCC_WARN_UNUSED_FUNCTION = YES;
				GCC_WARN_UNUSED_VARIABLE = YES;
				IPHONEOS_DEPLOYMENT_TARGET = 12.0;
				MTL_ENABLE_DEBUG_INFO = NO;
				MTL_FAST_MATH = YES;
				SDKROOT = iphoneos;
				SWIFT_COMPILATION_MODE = wholemodule;
				SWIFT_OPTIMIZATION_LEVEL = "-O";
				VALIDATE_PRODUCT = YES;
			};
			name = Release;
		};
		354AF2EE215BD2CF00D02148 /* Debug */ = {
			isa = XCBuildConfiguration;
			buildSettings = {
				ASSETCATALOG_COMPILER_APPICON_NAME = AppIcon;
				CODE_SIGN_STYLE = Automatic;
				DEVELOPMENT_TEAM = GYUMM6U8Z5;
				INFOPLIST_FILE = Maps/Info.plist;
				LD_RUNPATH_SEARCH_PATHS = (
					"$(inherited)",
					"@executable_path/Frameworks",
				);
				PRODUCT_BUNDLE_IDENTIFIER = TeamK.Maps;
				PRODUCT_NAME = "$(TARGET_NAME)";
				SWIFT_VERSION = 4.2;
				TARGETED_DEVICE_FAMILY = "1,2";
			};
			name = Debug;
		};
		354AF2EF215BD2CF00D02148 /* Release */ = {
			isa = XCBuildConfiguration;
			buildSettings = {
				ASSETCATALOG_COMPILER_APPICON_NAME = AppIcon;
				CODE_SIGN_STYLE = Automatic;
				DEVELOPMENT_TEAM = GYUMM6U8Z5;
				INFOPLIST_FILE = Maps/Info.plist;
				LD_RUNPATH_SEARCH_PATHS = (
					"$(inherited)",
					"@executable_path/Frameworks",
				);
				PRODUCT_BUNDLE_IDENTIFIER = TeamK.Maps;
				PRODUCT_NAME = "$(TARGET_NAME)";
				SWIFT_VERSION = 4.2;
				TARGETED_DEVICE_FAMILY = "1,2";
			};
			name = Release;
		};
/* End XCBuildConfiguration section */

/* Begin XCConfigurationList section */
		354AF2D6215BD2CE00D02148 /* Build configuration list for PBXProject "Maps" */ = {
			isa = XCConfigurationList;
			buildConfigurations = (
				354AF2EB215BD2CF00D02148 /* Debug */,
				354AF2EC215BD2CF00D02148 /* Release */,
			);
			defaultConfigurationIsVisible = 0;
			defaultConfigurationName = Release;
		};
		354AF2ED215BD2CF00D02148 /* Build configuration list for PBXNativeTarget "Maps" */ = {
			isa = XCConfigurationList;
			buildConfigurations = (
				354AF2EE215BD2CF00D02148 /* Debug */,
				354AF2EF215BD2CF00D02148 /* Release */,
			);
			defaultConfigurationIsVisible = 0;
			defaultConfigurationName = Release;
		};
/* End XCConfigurationList section */
	};
	rootObject = 354AF2D3215BD2CE00D02148 /* Project object */;
}
